// !$*UTF8*$!
{
	archiveVersion = 1;
	classes = {
	};
	objectVersion = 50;
	objects = {

/* Begin PBXBuildFile section */
		A1F672E6245E89A300F6977B /* photo4.png in Resources */ = {isa = PBXBuildFile; fileRef = A1F672E0245E89A300F6977B /* photo4.png */; };
		A1F672E7245E89A300F6977B /* slow.png in Resources */ = {isa = PBXBuildFile; fileRef = A1F672E1245E89A300F6977B /* slow.png */; };
		A1F672E8245E89A300F6977B /* photo1.png in Resources */ = {isa = PBXBuildFile; fileRef = A1F672E2245E89A300F6977B /* photo1.png */; };
		A1F672E9245E89A300F6977B /* photo2.png in Resources */ = {isa = PBXBuildFile; fileRef = A1F672E3245E89A300F6977B /* photo2.png */; };
		A1F672EA245E89A300F6977B /* photo5.png in Resources */ = {isa = PBXBuildFile; fileRef = A1F672E4245E89A300F6977B /* photo5.png */; };
		A1F672EB245E89A300F6977B /* photo3.png in Resources */ = {isa = PBXBuildFile; fileRef = A1F672E5245E89A300F6977B /* photo3.png */; };
		A1F672ED245E915400F6977B /* CustomScrollViewController.swift in Sources */ = {isa = PBXBuildFile; fileRef = A1F672EC245E915400F6977B /* CustomScrollViewController.swift */; };
		A1F672EF245E96C400F6977B /* PagedScrollViewController.swift in Sources */ = {isa = PBXBuildFile; fileRef = A1F672EE245E96C400F6977B /* PagedScrollViewController.swift */; };
		A1F672F1245E9AD800F6977B /* PeekPagedScrollViewController.swift in Sources */ = {isa = PBXBuildFile; fileRef = A1F672F0245E9AD800F6977B /* PeekPagedScrollViewController.swift */; };
		A1F672F3245E9C5D00F6977B /* ScrollViewContainer.swift in Sources */ = {isa = PBXBuildFile; fileRef = A1F672F2245E9C5D00F6977B /* ScrollViewContainer.swift */; };
		A1FFBEC6244C2041001CAE17 /* AppDelegate.swift in Sources */ = {isa = PBXBuildFile; fileRef = A1FFBEC5244C2041001CAE17 /* AppDelegate.swift */; };
		A1FFBEC8244C2041001CAE17 /* SceneDelegate.swift in Sources */ = {isa = PBXBuildFile; fileRef = A1FFBEC7244C2041001CAE17 /* SceneDelegate.swift */; };
		A1FFBECA244C2041001CAE17 /* ViewController.swift in Sources */ = {isa = PBXBuildFile; fileRef = A1FFBEC9244C2041001CAE17 /* ViewController.swift */; };
		A1FFBECD244C2041001CAE17 /* Main.storyboard in Resources */ = {isa = PBXBuildFile; fileRef = A1FFBECB244C2041001CAE17 /* Main.storyboard */; };
		A1FFBECF244C2042001CAE17 /* Assets.xcassets in Resources */ = {isa = PBXBuildFile; fileRef = A1FFBECE244C2042001CAE17 /* Assets.xcassets */; };
		A1FFBED2244C2042001CAE17 /* LaunchScreen.storyboard in Resources */ = {isa = PBXBuildFile; fileRef = A1FFBED0244C2042001CAE17 /* LaunchScreen.storyboard */; };
		A1FFBEDC244C3741001CAE17 /* PlayersViewController.swift in Sources */ = {isa = PBXBuildFile; fileRef = A1FFBEDB244C3741001CAE17 /* PlayersViewController.swift */; };
		A1FFBEDE244C37B1001CAE17 /* Player.swift in Sources */ = {isa = PBXBuildFile; fileRef = A1FFBEDD244C37B1001CAE17 /* Player.swift */; };
		A1FFBEE0244C383B001CAE17 /* SampleData.swift in Sources */ = {isa = PBXBuildFile; fileRef = A1FFBEDF244C383B001CAE17 /* SampleData.swift */; };
		A1FFBEE2244C409E001CAE17 /* PlayerCell.swift in Sources */ = {isa = PBXBuildFile; fileRef = A1FFBEE1244C409E001CAE17 /* PlayerCell.swift */; };
		A1FFBEE4244C4B98001CAE17 /* PlayerDetailsViewController.swift in Sources */ = {isa = PBXBuildFile; fileRef = A1FFBEE3244C4B98001CAE17 /* PlayerDetailsViewController.swift */; };
		A1FFBEE6244C5E56001CAE17 /* GamePickerViewController.swift in Sources */ = {isa = PBXBuildFile; fileRef = A1FFBEE5244C5E56001CAE17 /* GamePickerViewController.swift */; };
		A1FFBEE8244C6C2C001CAE17 /* SelectRatingViewController.swift in Sources */ = {isa = PBXBuildFile; fileRef = A1FFBEE7244C6C2C001CAE17 /* SelectRatingViewController.swift */; };
		A1FFBEEC244C7579001CAE17 /* RatingCell.swift in Sources */ = {isa = PBXBuildFile; fileRef = A1FFBEEB244C7579001CAE17 /* RatingCell.swift */; };
/* End PBXBuildFile section */

/* Begin PBXFileReference section */
		A1F672E0245E89A300F6977B /* photo4.png */ = {isa = PBXFileReference; lastKnownFileType = image.png; path = photo4.png; sourceTree = "<group>"; };
		A1F672E1245E89A300F6977B /* slow.png */ = {isa = PBXFileReference; lastKnownFileType = image.png; path = slow.png; sourceTree = "<group>"; };
		A1F672E2245E89A300F6977B /* photo1.png */ = {isa = PBXFileReference; lastKnownFileType = image.png; path = photo1.png; sourceTree = "<group>"; };
		A1F672E3245E89A300F6977B /* photo2.png */ = {isa = PBXFileReference; lastKnownFileType = image.png; path = photo2.png; sourceTree = "<group>"; };
		A1F672E4245E89A300F6977B /* photo5.png */ = {isa = PBXFileReference; lastKnownFileType = image.png; path = photo5.png; sourceTree = "<group>"; };
		A1F672E5245E89A300F6977B /* photo3.png */ = {isa = PBXFileReference; lastKnownFileType = image.png; path = photo3.png; sourceTree = "<group>"; };
		A1F672EC245E915400F6977B /* CustomScrollViewController.swift */ = {isa = PBXFileReference; lastKnownFileType = sourcecode.swift; path = CustomScrollViewController.swift; sourceTree = "<group>"; };
		A1F672EE245E96C400F6977B /* PagedScrollViewController.swift */ = {isa = PBXFileReference; lastKnownFileType = sourcecode.swift; path = PagedScrollViewController.swift; sourceTree = "<group>"; };
		A1F672F0245E9AD800F6977B /* PeekPagedScrollViewController.swift */ = {isa = PBXFileReference; lastKnownFileType = sourcecode.swift; path = PeekPagedScrollViewController.swift; sourceTree = "<group>"; };
		A1F672F2245E9C5D00F6977B /* ScrollViewContainer.swift */ = {isa = PBXFileReference; lastKnownFileType = sourcecode.swift; path = ScrollViewContainer.swift; sourceTree = "<group>"; };
		A1FFBEC2244C2041001CAE17 /* RatingsStar.app */ = {isa = PBXFileReference; explicitFileType = wrapper.application; includeInIndex = 0; path = RatingsStar.app; sourceTree = BUILT_PRODUCTS_DIR; };
		A1FFBEC5244C2041001CAE17 /* AppDelegate.swift */ = {isa = PBXFileReference; lastKnownFileType = sourcecode.swift; path = AppDelegate.swift; sourceTree = "<group>"; };
		A1FFBEC7244C2041001CAE17 /* SceneDelegate.swift */ = {isa = PBXFileReference; lastKnownFileType = sourcecode.swift; path = SceneDelegate.swift; sourceTree = "<group>"; };
		A1FFBEC9244C2041001CAE17 /* ViewController.swift */ = {isa = PBXFileReference; lastKnownFileType = sourcecode.swift; path = ViewController.swift; sourceTree = "<group>"; };
		A1FFBECC244C2041001CAE17 /* Base */ = {isa = PBXFileReference; lastKnownFileType = file.storyboard; name = Base; path = Base.lproj/Main.storyboard; sourceTree = "<group>"; };
		A1FFBECE244C2042001CAE17 /* Assets.xcassets */ = {isa = PBXFileReference; lastKnownFileType = folder.assetcatalog; path = Assets.xcassets; sourceTree = "<group>"; };
		A1FFBED1244C2042001CAE17 /* Base */ = {isa = PBXFileReference; lastKnownFileType = file.storyboard; name = Base; path = Base.lproj/LaunchScreen.storyboard; sourceTree = "<group>"; };
		A1FFBED3244C2042001CAE17 /* Info.plist */ = {isa = PBXFileReference; lastKnownFileType = text.plist.xml; path = Info.plist; sourceTree = "<group>"; };
		A1FFBEDB244C3741001CAE17 /* PlayersViewController.swift */ = {isa = PBXFileReference; lastKnownFileType = sourcecode.swift; path = PlayersViewController.swift; sourceTree = "<group>"; };
		A1FFBEDD244C37B1001CAE17 /* Player.swift */ = {isa = PBXFileReference; lastKnownFileType = sourcecode.swift; path = Player.swift; sourceTree = "<group>"; };
		A1FFBEDF244C383B001CAE17 /* SampleData.swift */ = {isa = PBXFileReference; lastKnownFileType = sourcecode.swift; path = SampleData.swift; sourceTree = "<group>"; };
		A1FFBEE1244C409E001CAE17 /* PlayerCell.swift */ = {isa = PBXFileReference; lastKnownFileType = sourcecode.swift; path = PlayerCell.swift; sourceTree = "<group>"; };
		A1FFBEE3244C4B98001CAE17 /* PlayerDetailsViewController.swift */ = {isa = PBXFileReference; lastKnownFileType = sourcecode.swift; path = PlayerDetailsViewController.swift; sourceTree = "<group>"; };
		A1FFBEE5244C5E56001CAE17 /* GamePickerViewController.swift */ = {isa = PBXFileReference; lastKnownFileType = sourcecode.swift; path = GamePickerViewController.swift; sourceTree = "<group>"; };
		A1FFBEE7244C6C2C001CAE17 /* SelectRatingViewController.swift */ = {isa = PBXFileReference; lastKnownFileType = sourcecode.swift; path = SelectRatingViewController.swift; sourceTree = "<group>"; };
		A1FFBEEB244C7579001CAE17 /* RatingCell.swift */ = {isa = PBXFileReference; lastKnownFileType = sourcecode.swift; path = RatingCell.swift; sourceTree = "<group>"; };
/* End PBXFileReference section */

/* Begin PBXFrameworksBuildPhase section */
		A1FFBEBF244C2041001CAE17 /* Frameworks */ = {
			isa = PBXFrameworksBuildPhase;
			buildActionMask = 2147483647;
			files = (
			);
			runOnlyForDeploymentPostprocessing = 0;
		};
/* End PBXFrameworksBuildPhase section */

/* Begin PBXGroup section */
		A1FFBEB9244C2041001CAE17 = {
			isa = PBXGroup;
			children = (
				A1FFBEC4244C2041001CAE17 /* RatingsStar */,
				A1FFBEC3244C2041001CAE17 /* Products */,
			);
			sourceTree = "<group>";
		};
		A1FFBEC3244C2041001CAE17 /* Products */ = {
			isa = PBXGroup;
			children = (
				A1FFBEC2244C2041001CAE17 /* RatingsStar.app */,
			);
			name = Products;
			sourceTree = "<group>";
		};
		A1FFBEC4244C2041001CAE17 /* RatingsStar */ = {
			isa = PBXGroup;
			children = (
				A1F672E2245E89A300F6977B /* photo1.png */,
				A1F672E3245E89A300F6977B /* photo2.png */,
				A1F672E5245E89A300F6977B /* photo3.png */,
				A1F672E0245E89A300F6977B /* photo4.png */,
				A1F672E4245E89A300F6977B /* photo5.png */,
				A1F672E1245E89A300F6977B /* slow.png */,
				A1FFBEC5244C2041001CAE17 /* AppDelegate.swift */,
				A1FFBEC7244C2041001CAE17 /* SceneDelegate.swift */,
				A1FFBEC9244C2041001CAE17 /* ViewController.swift */,
				A1FFBECB244C2041001CAE17 /* Main.storyboard */,
				A1FFBECE244C2042001CAE17 /* Assets.xcassets */,
				A1FFBED0244C2042001CAE17 /* LaunchScreen.storyboard */,
				A1FFBED3244C2042001CAE17 /* Info.plist */,
				A1FFBEDB244C3741001CAE17 /* PlayersViewController.swift */,
				A1FFBEDD244C37B1001CAE17 /* Player.swift */,
				A1FFBEDF244C383B001CAE17 /* SampleData.swift */,
				A1FFBEE1244C409E001CAE17 /* PlayerCell.swift */,
				A1FFBEE3244C4B98001CAE17 /* PlayerDetailsViewController.swift */,
				A1FFBEE5244C5E56001CAE17 /* GamePickerViewController.swift */,
				A1FFBEE7244C6C2C001CAE17 /* SelectRatingViewController.swift */,
				A1FFBEEB244C7579001CAE17 /* RatingCell.swift */,
				A1F672EC245E915400F6977B /* CustomScrollViewController.swift */,
				A1F672EE245E96C400F6977B /* PagedScrollViewController.swift */,
				A1F672F0245E9AD800F6977B /* PeekPagedScrollViewController.swift */,
				A1F672F2245E9C5D00F6977B /* ScrollViewContainer.swift */,
			);
			path = RatingsStar;
			sourceTree = "<group>";
		};
/* End PBXGroup section */

/* Begin PBXNativeTarget section */
		A1FFBEC1244C2041001CAE17 /* RatingsStar */ = {
			isa = PBXNativeTarget;
			buildConfigurationList = A1FFBED6244C2042001CAE17 /* Build configuration list for PBXNativeTarget "RatingsStar" */;
			buildPhases = (
				A1FFBEBE244C2041001CAE17 /* Sources */,
				A1FFBEBF244C2041001CAE17 /* Frameworks */,
				A1FFBEC0244C2041001CAE17 /* Resources */,
			);
			buildRules = (
			);
			dependencies = (
			);
			name = RatingsStar;
			productName = RatingsStar;
			productReference = A1FFBEC2244C2041001CAE17 /* RatingsStar.app */;
			productType = "com.apple.product-type.application";
		};
/* End PBXNativeTarget section */

/* Begin PBXProject section */
		A1FFBEBA244C2041001CAE17 /* Project object */ = {
			isa = PBXProject;
			attributes = {
				LastSwiftUpdateCheck = 1140;
				LastUpgradeCheck = 1140;
				ORGANIZATIONNAME = kpugame;
				TargetAttributes = {
					A1FFBEC1244C2041001CAE17 = {
						CreatedOnToolsVersion = 11.4;
					};
				};
			};
			buildConfigurationList = A1FFBEBD244C2041001CAE17 /* Build configuration list for PBXProject "RatingsStar" */;
			compatibilityVersion = "Xcode 9.3";
			developmentRegion = en;
			hasScannedForEncodings = 0;
			knownRegions = (
				en,
				Base,
			);
			mainGroup = A1FFBEB9244C2041001CAE17;
			productRefGroup = A1FFBEC3244C2041001CAE17 /* Products */;
			projectDirPath = "";
			projectRoot = "";
			targets = (
				A1FFBEC1244C2041001CAE17 /* RatingsStar */,
			);
		};
/* End PBXProject section */

/* Begin PBXResourcesBuildPhase section */
		A1FFBEC0244C2041001CAE17 /* Resources */ = {
			isa = PBXResourcesBuildPhase;
			buildActionMask = 2147483647;
			files = (
				A1F672E8245E89A300F6977B /* photo1.png in Resources */,
				A1FFBED2244C2042001CAE17 /* LaunchScreen.storyboard in Resources */,
				A1F672E9245E89A300F6977B /* photo2.png in Resources */,
				A1F672E7245E89A300F6977B /* slow.png in Resources */,
				A1F672EA245E89A300F6977B /* photo5.png in Resources */,
				A1FFBECF244C2042001CAE17 /* Assets.xcassets in Resources */,
				A1FFBECD244C2041001CAE17 /* Main.storyboard in Resources */,
				A1F672EB245E89A300F6977B /* photo3.png in Resources */,
				A1F672E6245E89A300F6977B /* photo4.png in Resources */,
			);
			runOnlyForDeploymentPostprocessing = 0;
		};
/* End PBXResourcesBuildPhase section */

/* Begin PBXSourcesBuildPhase section */
		A1FFBEBE244C2041001CAE17 /* Sources */ = {
			isa = PBXSourcesBuildPhase;
			buildActionMask = 2147483647;
			files = (
				A1FFBEE8244C6C2C001CAE17 /* SelectRatingViewController.swift in Sources */,
				A1FFBECA244C2041001CAE17 /* ViewController.swift in Sources */,
				A1FFBEEC244C7579001CAE17 /* RatingCell.swift in Sources */,
				A1FFBEE0244C383B001CAE17 /* SampleData.swift in Sources */,
				A1FFBEE4244C4B98001CAE17 /* PlayerDetailsViewController.swift in Sources */,
				A1FFBEE2244C409E001CAE17 /* PlayerCell.swift in Sources */,
				A1F672EF245E96C400F6977B /* PagedScrollViewController.swift in Sources */,
				A1FFBEDC244C3741001CAE17 /* PlayersViewController.swift in Sources */,
				A1F672F3245E9C5D00F6977B /* ScrollViewContainer.swift in Sources */,
				A1FFBEC6244C2041001CAE17 /* AppDelegate.swift in Sources */,
				A1F672ED245E915400F6977B /* CustomScrollViewController.swift in Sources */,
				A1FFBEDE244C37B1001CAE17 /* Player.swift in Sources */,
				A1FFBEC8244C2041001CAE17 /* SceneDelegate.swift in Sources */,
				A1F672F1245E9AD800F6977B /* PeekPagedScrollViewController.swift in Sources */,
				A1FFBEE6244C5E56001CAE17 /* GamePickerViewController.swift in Sources */,
			);
			runOnlyForDeploymentPostprocessing = 0;
		};
/* End PBXSourcesBuildPhase section */

/* Begin PBXVariantGroup section */
		A1FFBECB244C2041001CAE17 /* Main.storyboard */ = {
			isa = PBXVariantGroup;
			children = (
				A1FFBECC244C2041001CAE17 /* Base */,
			);
			name = Main.storyboard;
			sourceTree = "<group>";
		};
		A1FFBED0244C2042001CAE17 /* LaunchScreen.storyboard */ = {
			isa = PBXVariantGroup;
			children = (
				A1FFBED1244C2042001CAE17 /* Base */,
			);
			name = LaunchScreen.storyboard;
			sourceTree = "<group>";
		};
/* End PBXVariantGroup section */

/* Begin XCBuildConfiguration section */
		A1FFBED4244C2042001CAE17 /* Debug */ = {
			isa = XCBuildConfiguration;
			buildSettings = {
				ALWAYS_SEARCH_USER_PATHS = NO;
				CLANG_ANALYZER_NONNULL = YES;
				CLANG_ANALYZER_NUMBER_OBJECT_CONVERSION = YES_AGGRESSIVE;
				CLANG_CXX_LANGUAGE_STANDARD = "gnu++14";
				CLANG_CXX_LIBRARY = "libc++";
				CLANG_ENABLE_MODULES = YES;
				CLANG_ENABLE_OBJC_ARC = YES;
				CLANG_ENABLE_OBJC_WEAK = YES;
				CLANG_WARN_BLOCK_CAPTURE_AUTORELEASING = YES;
				CLANG_WARN_BOOL_CONVERSION = YES;
				CLANG_WARN_COMMA = YES;
				CLANG_WARN_CONSTANT_CONVERSION = YES;
				CLANG_WARN_DEPRECATED_OBJC_IMPLEMENTATIONS = YES;
				CLANG_WARN_DIRECT_OBJC_ISA_USAGE = YES_ERROR;
				CLANG_WARN_DOCUMENTATION_COMMENTS = YES;
				CLANG_WARN_EMPTY_BODY = YES;
				CLANG_WARN_ENUM_CONVERSION = YES;
				CLANG_WARN_INFINITE_RECURSION = YES;
				CLANG_WARN_INT_CONVERSION = YES;
				CLANG_WARN_NON_LITERAL_NULL_CONVERSION = YES;
				CLANG_WARN_OBJC_IMPLICIT_RETAIN_SELF = YES;
				CLANG_WARN_OBJC_LITERAL_CONVERSION = YES;
				CLANG_WARN_OBJC_ROOT_CLASS = YES_ERROR;
				CLANG_WARN_RANGE_LOOP_ANALYSIS = YES;
				CLANG_WARN_STRICT_PROTOTYPES = YES;
				CLANG_WARN_SUSPICIOUS_MOVE = YES;
				CLANG_WARN_UNGUARDED_AVAILABILITY = YES_AGGRESSIVE;
				CLANG_WARN_UNREACHABLE_CODE = YES;
				CLANG_WARN__DUPLICATE_METHOD_MATCH = YES;
				COPY_PHASE_STRIP = NO;
				DEBUG_INFORMATION_FORMAT = dwarf;
				ENABLE_STRICT_OBJC_MSGSEND = YES;
				ENABLE_TESTABILITY = YES;
				GCC_C_LANGUAGE_STANDARD = gnu11;
				GCC_DYNAMIC_NO_PIC = NO;
				GCC_NO_COMMON_BLOCKS = YES;
				GCC_OPTIMIZATION_LEVEL = 0;
				GCC_PREPROCESSOR_DEFINITIONS = (
					"DEBUG=1",
					"$(inherited)",
				);
				GCC_WARN_64_TO_32_BIT_CONVERSION = YES;
				GCC_WARN_ABOUT_RETURN_TYPE = YES_ERROR;
				GCC_WARN_UNDECLARED_SELECTOR = YES;
				GCC_WARN_UNINITIALIZED_AUTOS = YES_AGGRESSIVE;
				GCC_WARN_UNUSED_FUNCTION = YES;
				GCC_WARN_UNUSED_VARIABLE = YES;
				IPHONEOS_DEPLOYMENT_TARGET = 13.4;
				MTL_ENABLE_DEBUG_INFO = INCLUDE_SOURCE;
				MTL_FAST_MATH = YES;
				ONLY_ACTIVE_ARCH = YES;
				SDKROOT = iphoneos;
				SWIFT_ACTIVE_COMPILATION_CONDITIONS = DEBUG;
				SWIFT_OPTIMIZATION_LEVEL = "-Onone";
			};
			name = Debug;
		};
		A1FFBED5244C2042001CAE17 /* Release */ = {
			isa = XCBuildConfiguration;
			buildSettings = {
				ALWAYS_SEARCH_USER_PATHS = NO;
				CLANG_ANALYZER_NONNULL = YES;
				CLANG_ANALYZER_NUMBER_OBJECT_CONVERSION = YES_AGGRESSIVE;
				CLANG_CXX_LANGUAGE_STANDARD = "gnu++14";
				CLANG_CXX_LIBRARY = "libc++";
				CLANG_ENABLE_MODULES = YES;
				CLANG_ENABLE_OBJC_ARC = YES;
				CLANG_ENABLE_OBJC_WEAK = YES;
				CLANG_WARN_BLOCK_CAPTURE_AUTORELEASING = YES;
				CLANG_WARN_BOOL_CONVERSION = YES;
				CLANG_WARN_COMMA = YES;
				CLANG_WARN_CONSTANT_CONVERSION = YES;
				CLANG_WARN_DEPRECATED_OBJC_IMPLEMENTATIONS = YES;
				CLANG_WARN_DIRECT_OBJC_ISA_USAGE = YES_ERROR;
				CLANG_WARN_DOCUMENTATION_COMMENTS = YES;
				CLANG_WARN_EMPTY_BODY = YES;
				CLANG_WARN_ENUM_CONVERSION = YES;
				CLANG_WARN_INFINITE_RECURSION = YES;
				CLANG_WARN_INT_CONVERSION = YES;
				CLANG_WARN_NON_LITERAL_NULL_CONVERSION = YES;
				CLANG_WARN_OBJC_IMPLICIT_RETAIN_SELF = YES;
				CLANG_WARN_OBJC_LITERAL_CONVERSION = YES;
				CLANG_WARN_OBJC_ROOT_CLASS = YES_ERROR;
				CLANG_WARN_RANGE_LOOP_ANALYSIS = YES;
				CLANG_WARN_STRICT_PROTOTYPES = YES;
				CLANG_WARN_SUSPICIOUS_MOVE = YES;
				CLANG_WARN_UNGUARDED_AVAILABILITY = YES_AGGRESSIVE;
				CLANG_WARN_UNREACHABLE_CODE = YES;
				CLANG_WARN__DUPLICATE_METHOD_MATCH = YES;
				COPY_PHASE_STRIP = NO;
				DEBUG_INFORMATION_FORMAT = "dwarf-with-dsym";
				ENABLE_NS_ASSERTIONS = NO;
				ENABLE_STRICT_OBJC_MSGSEND = YES;
				GCC_C_LANGUAGE_STANDARD = gnu11;
				GCC_NO_COMMON_BLOCKS = YES;
				GCC_WARN_64_TO_32_BIT_CONVERSION = YES;
				GCC_WARN_ABOUT_RETURN_TYPE = YES_ERROR;
				GCC_WARN_UNDECLARED_SELECTOR = YES;
				GCC_WARN_UNINITIALIZED_AUTOS = YES_AGGRESSIVE;
				GCC_WARN_UNUSED_FUNCTION = YES;
				GCC_WARN_UNUSED_VARIABLE = YES;
				IPHONEOS_DEPLOYMENT_TARGET = 13.4;
				MTL_ENABLE_DEBUG_INFO = NO;
				MTL_FAST_MATH = YES;
				SDKROOT = iphoneos;
				SWIFT_COMPILATION_MODE = wholemodule;
				SWIFT_OPTIMIZATION_LEVEL = "-O";
				VALIDATE_PRODUCT = YES;
			};
			name = Release;
		};
		A1FFBED7244C2042001CAE17 /* Debug */ = {
			isa = XCBuildConfiguration;
			buildSettings = {
				ASSETCATALOG_COMPILER_APPICON_NAME = AppIcon;
				CODE_SIGN_STYLE = Automatic;
				DEVELOPMENT_TEAM = 4BPCW7SCYC;
				INFOPLIST_FILE = RatingsStar/Info.plist;
				LD_RUNPATH_SEARCH_PATHS = (
					"$(inherited)",
					"@executable_path/Frameworks",
				);
				PRODUCT_BUNDLE_IDENTIFIER = duckbae.project4.RatingsStar;
				PRODUCT_NAME = "$(TARGET_NAME)";
				SWIFT_VERSION = 5.0;
				TARGETED_DEVICE_FAMILY = "1,2";
			};
			name = Debug;
		};
		A1FFBED8244C2042001CAE17 /* Release */ = {
			isa = XCBuildConfiguration;
			buildSettings = {
				ASSETCATALOG_COMPILER_APPICON_NAME = AppIcon;
				CODE_SIGN_STYLE = Automatic;
				DEVELOPMENT_TEAM = 4BPCW7SCYC;
				INFOPLIST_FILE = RatingsStar/Info.plist;
				LD_RUNPATH_SEARCH_PATHS = (
					"$(inherited)",
					"@executable_path/Frameworks",
				);
				PRODUCT_BUNDLE_IDENTIFIER = duckbae.project4.RatingsStar;
				PRODUCT_NAME = "$(TARGET_NAME)";
				SWIFT_VERSION = 5.0;
				TARGETED_DEVICE_FAMILY = "1,2";
			};
			name = Release;
		};
/* End XCBuildConfiguration section */

/* Begin XCConfigurationList section */
		A1FFBEBD244C2041001CAE17 /* Build configuration list for PBXProject "RatingsStar" */ = {
			isa = XCConfigurationList;
			buildConfigurations = (
				A1FFBED4244C2042001CAE17 /* Debug */,
				A1FFBED5244C2042001CAE17 /* Release */,
			);
			defaultConfigurationIsVisible = 0;
			defaultConfigurationName = Release;
		};
		A1FFBED6244C2042001CAE17 /* Build configuration list for PBXNativeTarget "RatingsStar" */ = {
			isa = XCConfigurationList;
			buildConfigurations = (
				A1FFBED7244C2042001CAE17 /* Debug */,
				A1FFBED8244C2042001CAE17 /* Release */,
			);
			defaultConfigurationIsVisible = 0;
			defaultConfigurationName = Release;
		};
/* End XCConfigurationList section */
	};
	rootObject = A1FFBEBA244C2041001CAE17 /* Project object */;
}
