// !$*UTF8*$!
{
	archiveVersion = 1;
	classes = {
	};
	objectVersion = 50;
	objects = {

/* Begin PBXBuildFile section */
		A1D8F095247172F8005321C2 /* AppDelegate.swift in Sources */ = {isa = PBXBuildFile; fileRef = A1D8F094247172F8005321C2 /* AppDelegate.swift */; };
		A1D8F097247172F8005321C2 /* SceneDelegate.swift in Sources */ = {isa = PBXBuildFile; fileRef = A1D8F096247172F8005321C2 /* SceneDelegate.swift */; };
		A1D8F099247172F8005321C2 /* ViewController.swift in Sources */ = {isa = PBXBuildFile; fileRef = A1D8F098247172F8005321C2 /* ViewController.swift */; };
		A1D8F09C247172F8005321C2 /* Main.storyboard in Resources */ = {isa = PBXBuildFile; fileRef = A1D8F09A247172F8005321C2 /* Main.storyboard */; };
		A1D8F09E247172F9005321C2 /* Assets.xcassets in Resources */ = {isa = PBXBuildFile; fileRef = A1D8F09D247172F9005321C2 /* Assets.xcassets */; };
		A1D8F0A1247172F9005321C2 /* LaunchScreen.storyboard in Resources */ = {isa = PBXBuildFile; fileRef = A1D8F09F247172F9005321C2 /* LaunchScreen.storyboard */; };
		A1D8F0A9247173B4005321C2 /* HospitalTableViewController.swift in Sources */ = {isa = PBXBuildFile; fileRef = A1D8F0A8247173B4005321C2 /* HospitalTableViewController.swift */; };
		A1D8F0AB247174EE005321C2 /* MapViewController.swift in Sources */ = {isa = PBXBuildFile; fileRef = A1D8F0AA247174EE005321C2 /* MapViewController.swift */; };
		A1D8F0AD24717E61005321C2 /* Hospital.swift in Sources */ = {isa = PBXBuildFile; fileRef = A1D8F0AC24717E61005321C2 /* Hospital.swift */; };
		A1D8F0AF247181D9005321C2 /* DetailHospitalViewController.swift in Sources */ = {isa = PBXBuildFile; fileRef = A1D8F0AE247181D9005321C2 /* DetailHospitalViewController.swift */; };
/* End PBXBuildFile section */

/* Begin PBXFileReference section */
		A1D8F091247172F8005321C2 /* HospitalMap.app */ = {isa = PBXFileReference; explicitFileType = wrapper.application; includeInIndex = 0; path = HospitalMap.app; sourceTree = BUILT_PRODUCTS_DIR; };
		A1D8F094247172F8005321C2 /* AppDelegate.swift */ = {isa = PBXFileReference; lastKnownFileType = sourcecode.swift; path = AppDelegate.swift; sourceTree = "<group>"; };
		A1D8F096247172F8005321C2 /* SceneDelegate.swift */ = {isa = PBXFileReference; lastKnownFileType = sourcecode.swift; path = SceneDelegate.swift; sourceTree = "<group>"; };
		A1D8F098247172F8005321C2 /* ViewController.swift */ = {isa = PBXFileReference; lastKnownFileType = sourcecode.swift; path = ViewController.swift; sourceTree = "<group>"; };
		A1D8F09B247172F8005321C2 /* Base */ = {isa = PBXFileReference; lastKnownFileType = file.storyboard; name = Base; path = Base.lproj/Main.storyboard; sourceTree = "<group>"; };
		A1D8F09D247172F9005321C2 /* Assets.xcassets */ = {isa = PBXFileReference; lastKnownFileType = folder.assetcatalog; path = Assets.xcassets; sourceTree = "<group>"; };
		A1D8F0A0247172F9005321C2 /* Base */ = {isa = PBXFileReference; lastKnownFileType = file.storyboard; name = Base; path = Base.lproj/LaunchScreen.storyboard; sourceTree = "<group>"; };
		A1D8F0A2247172F9005321C2 /* Info.plist */ = {isa = PBXFileReference; lastKnownFileType = text.plist.xml; path = Info.plist; sourceTree = "<group>"; };
		A1D8F0A8247173B4005321C2 /* HospitalTableViewController.swift */ = {isa = PBXFileReference; lastKnownFileType = sourcecode.swift; path = HospitalTableViewController.swift; sourceTree = "<group>"; };
		A1D8F0AA247174EE005321C2 /* MapViewController.swift */ = {isa = PBXFileReference; lastKnownFileType = sourcecode.swift; path = MapViewController.swift; sourceTree = "<group>"; };
		A1D8F0AC24717E61005321C2 /* Hospital.swift */ = {isa = PBXFileReference; lastKnownFileType = sourcecode.swift; path = Hospital.swift; sourceTree = "<group>"; };
		A1D8F0AE247181D9005321C2 /* DetailHospitalViewController.swift */ = {isa = PBXFileReference; lastKnownFileType = sourcecode.swift; path = DetailHospitalViewController.swift; sourceTree = "<group>"; };
/* End PBXFileReference section */

/* Begin PBXFrameworksBuildPhase section */
		A1D8F08E247172F8005321C2 /* Frameworks */ = {
			isa = PBXFrameworksBuildPhase;
			buildActionMask = 2147483647;
			files = (
			);
			runOnlyForDeploymentPostprocessing = 0;
		};
/* End PBXFrameworksBuildPhase section */

/* Begin PBXGroup section */
		A1D8F088247172F8005321C2 = {
			isa = PBXGroup;
			children = (
				A1D8F093247172F8005321C2 /* HospitalMap */,
				A1D8F092247172F8005321C2 /* Products */,
			);
			sourceTree = "<group>";
		};
		A1D8F092247172F8005321C2 /* Products */ = {
			isa = PBXGroup;
			children = (
				A1D8F091247172F8005321C2 /* HospitalMap.app */,
			);
			name = Products;
			sourceTree = "<group>";
		};
		A1D8F093247172F8005321C2 /* HospitalMap */ = {
			isa = PBXGroup;
			children = (
				A1D8F094247172F8005321C2 /* AppDelegate.swift */,
				A1D8F096247172F8005321C2 /* SceneDelegate.swift */,
				A1D8F098247172F8005321C2 /* ViewController.swift */,
				A1D8F09A247172F8005321C2 /* Main.storyboard */,
				A1D8F09D247172F9005321C2 /* Assets.xcassets */,
				A1D8F09F247172F9005321C2 /* LaunchScreen.storyboard */,
				A1D8F0A2247172F9005321C2 /* Info.plist */,
				A1D8F0A8247173B4005321C2 /* HospitalTableViewController.swift */,
				A1D8F0AA247174EE005321C2 /* MapViewController.swift */,
				A1D8F0AC24717E61005321C2 /* Hospital.swift */,
				A1D8F0AE247181D9005321C2 /* DetailHospitalViewController.swift */,
			);
			path = HospitalMap;
			sourceTree = "<group>";
		};
/* End PBXGroup section */

/* Begin PBXNativeTarget section */
		A1D8F090247172F8005321C2 /* HospitalMap */ = {
			isa = PBXNativeTarget;
			buildConfigurationList = A1D8F0A5247172F9005321C2 /* Build configuration list for PBXNativeTarget "HospitalMap" */;
			buildPhases = (
				A1D8F08D247172F8005321C2 /* Sources */,
				A1D8F08E247172F8005321C2 /* Frameworks */,
				A1D8F08F247172F8005321C2 /* Resources */,
			);
			buildRules = (
			);
			dependencies = (
			);
			name = HospitalMap;
			productName = HospitalMap;
			productReference = A1D8F091247172F8005321C2 /* HospitalMap.app */;
			productType = "com.apple.product-type.application";
		};
/* End PBXNativeTarget section */

/* Begin PBXProject section */
		A1D8F089247172F8005321C2 /* Project object */ = {
			isa = PBXProject;
			attributes = {
				LastSwiftUpdateCheck = 1140;
				LastUpgradeCheck = 1140;
				ORGANIZATIONNAME = kpugame;
				TargetAttributes = {
					A1D8F090247172F8005321C2 = {
						CreatedOnToolsVersion = 11.4;
					};
				};
			};
			buildConfigurationList = A1D8F08C247172F8005321C2 /* Build configuration list for PBXProject "HospitalMap" */;
			compatibilityVersion = "Xcode 9.3";
			developmentRegion = en;
			hasScannedForEncodings = 0;
			knownRegions = (
				en,
				Base,
			);
			mainGroup = A1D8F088247172F8005321C2;
			productRefGroup = A1D8F092247172F8005321C2 /* Products */;
			projectDirPath = "";
			projectRoot = "";
			targets = (
				A1D8F090247172F8005321C2 /* HospitalMap */,
			);
		};
/* End PBXProject section */

/* Begin PBXResourcesBuildPhase section */
		A1D8F08F247172F8005321C2 /* Resources */ = {
			isa = PBXResourcesBuildPhase;
			buildActionMask = 2147483647;
			files = (
				A1D8F0A1247172F9005321C2 /* LaunchScreen.storyboard in Resources */,
				A1D8F09E247172F9005321C2 /* Assets.xcassets in Resources */,
				A1D8F09C247172F8005321C2 /* Main.storyboard in Resources */,
			);
			runOnlyForDeploymentPostprocessing = 0;
		};
/* End PBXResourcesBuildPhase section */

/* Begin PBXSourcesBuildPhase section */
		A1D8F08D247172F8005321C2 /* Sources */ = {
			isa = PBXSourcesBuildPhase;
			buildActionMask = 2147483647;
			files = (
				A1D8F099247172F8005321C2 /* ViewController.swift in Sources */,
				A1D8F0A9247173B4005321C2 /* HospitalTableViewController.swift in Sources */,
				A1D8F0AF247181D9005321C2 /* DetailHospitalViewController.swift in Sources */,
				A1D8F095247172F8005321C2 /* AppDelegate.swift in Sources */,
				A1D8F0AB247174EE005321C2 /* MapViewController.swift in Sources */,
				A1D8F097247172F8005321C2 /* SceneDelegate.swift in Sources */,
				A1D8F0AD24717E61005321C2 /* Hospital.swift in Sources */,
			);
			runOnlyForDeploymentPostprocessing = 0;
		};
/* End PBXSourcesBuildPhase section */

/* Begin PBXVariantGroup section */
		A1D8F09A247172F8005321C2 /* Main.storyboard */ = {
			isa = PBXVariantGroup;
			children = (
				A1D8F09B247172F8005321C2 /* Base */,
			);
			name = Main.storyboard;
			sourceTree = "<group>";
		};
		A1D8F09F247172F9005321C2 /* LaunchScreen.storyboard */ = {
			isa = PBXVariantGroup;
			children = (
				A1D8F0A0247172F9005321C2 /* Base */,
			);
			name = LaunchScreen.storyboard;
			sourceTree = "<group>";
		};
/* End PBXVariantGroup section */

/* Begin XCBuildConfiguration section */
		A1D8F0A3247172F9005321C2 /* Debug */ = {
			isa = XCBuildConfiguration;
			buildSettings = {
				ALWAYS_SEARCH_USER_PATHS = NO;
				CLANG_ANALYZER_NONNULL = YES;
				CLANG_ANALYZER_NUMBER_OBJECT_CONVERSION = YES_AGGRESSIVE;
				CLANG_CXX_LANGUAGE_STANDARD = "gnu++14";
				CLANG_CXX_LIBRARY = "libc++";
				CLANG_ENABLE_MODULES = YES;
				CLANG_ENABLE_OBJC_ARC = YES;
				CLANG_ENABLE_OBJC_WEAK = YES;
				CLANG_WARN_BLOCK_CAPTURE_AUTORELEASING = YES;
				CLANG_WARN_BOOL_CONVERSION = YES;
				CLANG_WARN_COMMA = YES;
				CLANG_WARN_CONSTANT_CONVERSION = YES;
				CLANG_WARN_DEPRECATED_OBJC_IMPLEMENTATIONS = YES;
				CLANG_WARN_DIRECT_OBJC_ISA_USAGE = YES_ERROR;
				CLANG_WARN_DOCUMENTATION_COMMENTS = YES;
				CLANG_WARN_EMPTY_BODY = YES;
				CLANG_WARN_ENUM_CONVERSION = YES;
				CLANG_WARN_INFINITE_RECURSION = YES;
				CLANG_WARN_INT_CONVERSION = YES;
				CLANG_WARN_NON_LITERAL_NULL_CONVERSION = YES;
				CLANG_WARN_OBJC_IMPLICIT_RETAIN_SELF = YES;
				CLANG_WARN_OBJC_LITERAL_CONVERSION = YES;
				CLANG_WARN_OBJC_ROOT_CLASS = YES_ERROR;
				CLANG_WARN_RANGE_LOOP_ANALYSIS = YES;
				CLANG_WARN_STRICT_PROTOTYPES = YES;
				CLANG_WARN_SUSPICIOUS_MOVE = YES;
				CLANG_WARN_UNGUARDED_AVAILABILITY = YES_AGGRESSIVE;
				CLANG_WARN_UNREACHABLE_CODE = YES;
				CLANG_WARN__DUPLICATE_METHOD_MATCH = YES;
				COPY_PHASE_STRIP = NO;
				DEBUG_INFORMATION_FORMAT = dwarf;
				ENABLE_STRICT_OBJC_MSGSEND = YES;
				ENABLE_TESTABILITY = YES;
				GCC_C_LANGUAGE_STANDARD = gnu11;
				GCC_DYNAMIC_NO_PIC = NO;
				GCC_NO_COMMON_BLOCKS = YES;
				GCC_OPTIMIZATION_LEVEL = 0;
				GCC_PREPROCESSOR_DEFINITIONS = (
					"DEBUG=1",
					"$(inherited)",
				);
				GCC_WARN_64_TO_32_BIT_CONVERSION = YES;
				GCC_WARN_ABOUT_RETURN_TYPE = YES_ERROR;
				GCC_WARN_UNDECLARED_SELECTOR = YES;
				GCC_WARN_UNINITIALIZED_AUTOS = YES_AGGRESSIVE;
				GCC_WARN_UNUSED_FUNCTION = YES;
				GCC_WARN_UNUSED_VARIABLE = YES;
				IPHONEOS_DEPLOYMENT_TARGET = 13.4;
				MTL_ENABLE_DEBUG_INFO = INCLUDE_SOURCE;
				MTL_FAST_MATH = YES;
				ONLY_ACTIVE_ARCH = YES;
				SDKROOT = iphoneos;
				SWIFT_ACTIVE_COMPILATION_CONDITIONS = DEBUG;
				SWIFT_OPTIMIZATION_LEVEL = "-Onone";
			};
			name = Debug;
		};
		A1D8F0A4247172F9005321C2 /* Release */ = {
			isa = XCBuildConfiguration;
			buildSettings = {
				ALWAYS_SEARCH_USER_PATHS = NO;
				CLANG_ANALYZER_NONNULL = YES;
				CLANG_ANALYZER_NUMBER_OBJECT_CONVERSION = YES_AGGRESSIVE;
				CLANG_CXX_LANGUAGE_STANDARD = "gnu++14";
				CLANG_CXX_LIBRARY = "libc++";
				CLANG_ENABLE_MODULES = YES;
				CLANG_ENABLE_OBJC_ARC = YES;
				CLANG_ENABLE_OBJC_WEAK = YES;
				CLANG_WARN_BLOCK_CAPTURE_AUTORELEASING = YES;
				CLANG_WARN_BOOL_CONVERSION = YES;
				CLANG_WARN_COMMA = YES;
				CLANG_WARN_CONSTANT_CONVERSION = YES;
				CLANG_WARN_DEPRECATED_OBJC_IMPLEMENTATIONS = YES;
				CLANG_WARN_DIRECT_OBJC_ISA_USAGE = YES_ERROR;
				CLANG_WARN_DOCUMENTATION_COMMENTS = YES;
				CLANG_WARN_EMPTY_BODY = YES;
				CLANG_WARN_ENUM_CONVERSION = YES;
				CLANG_WARN_INFINITE_RECURSION = YES;
				CLANG_WARN_INT_CONVERSION = YES;
				CLANG_WARN_NON_LITERAL_NULL_CONVERSION = YES;
				CLANG_WARN_OBJC_IMPLICIT_RETAIN_SELF = YES;
				CLANG_WARN_OBJC_LITERAL_CONVERSION = YES;
				CLANG_WARN_OBJC_ROOT_CLASS = YES_ERROR;
				CLANG_WARN_RANGE_LOOP_ANALYSIS = YES;
				CLANG_WARN_STRICT_PROTOTYPES = YES;
				CLANG_WARN_SUSPICIOUS_MOVE = YES;
				CLANG_WARN_UNGUARDED_AVAILABILITY = YES_AGGRESSIVE;
				CLANG_WARN_UNREACHABLE_CODE = YES;
				CLANG_WARN__DUPLICATE_METHOD_MATCH = YES;
				COPY_PHASE_STRIP = NO;
				DEBUG_INFORMATION_FORMAT = "dwarf-with-dsym";
				ENABLE_NS_ASSERTIONS = NO;
				ENABLE_STRICT_OBJC_MSGSEND = YES;
				GCC_C_LANGUAGE_STANDARD = gnu11;
				GCC_NO_COMMON_BLOCKS = YES;
				GCC_WARN_64_TO_32_BIT_CONVERSION = YES;
				GCC_WARN_ABOUT_RETURN_TYPE = YES_ERROR;
				GCC_WARN_UNDECLARED_SELECTOR = YES;
				GCC_WARN_UNINITIALIZED_AUTOS = YES_AGGRESSIVE;
				GCC_WARN_UNUSED_FUNCTION = YES;
				GCC_WARN_UNUSED_VARIABLE = YES;
				IPHONEOS_DEPLOYMENT_TARGET = 13.4;
				MTL_ENABLE_DEBUG_INFO = NO;
				MTL_FAST_MATH = YES;
				SDKROOT = iphoneos;
				SWIFT_COMPILATION_MODE = wholemodule;
				SWIFT_OPTIMIZATION_LEVEL = "-O";
				VALIDATE_PRODUCT = YES;
			};
			name = Release;
		};
		A1D8F0A6247172F9005321C2 /* Debug */ = {
			isa = XCBuildConfiguration;
			buildSettings = {
				ASSETCATALOG_COMPILER_APPICON_NAME = AppIcon;
				CODE_SIGN_STYLE = Automatic;
				DEVELOPMENT_TEAM = 4BPCW7SCYC;
				INFOPLIST_FILE = HospitalMap/Info.plist;
				LD_RUNPATH_SEARCH_PATHS = (
					"$(inherited)",
					"@executable_path/Frameworks",
				);
				PRODUCT_BUNDLE_IDENTIFIER = duckbae.project.HospitalMap;
				PRODUCT_NAME = "$(TARGET_NAME)";
				SWIFT_VERSION = 5.0;
				TARGETED_DEVICE_FAMILY = "1,2";
			};
			name = Debug;
		};
		A1D8F0A7247172F9005321C2 /* Release */ = {
			isa = XCBuildConfiguration;
			buildSettings = {
				ASSETCATALOG_COMPILER_APPICON_NAME = AppIcon;
				CODE_SIGN_STYLE = Automatic;
				DEVELOPMENT_TEAM = 4BPCW7SCYC;
				INFOPLIST_FILE = HospitalMap/Info.plist;
				LD_RUNPATH_SEARCH_PATHS = (
					"$(inherited)",
					"@executable_path/Frameworks",
				);
				PRODUCT_BUNDLE_IDENTIFIER = duckbae.project.HospitalMap;
				PRODUCT_NAME = "$(TARGET_NAME)";
				SWIFT_VERSION = 5.0;
				TARGETED_DEVICE_FAMILY = "1,2";
			};
			name = Release;
		};
/* End XCBuildConfiguration section */

/* Begin XCConfigurationList section */
		A1D8F08C247172F8005321C2 /* Build configuration list for PBXProject "HospitalMap" */ = {
			isa = XCConfigurationList;
			buildConfigurations = (
				A1D8F0A3247172F9005321C2 /* Debug */,
				A1D8F0A4247172F9005321C2 /* Release */,
			);
			defaultConfigurationIsVisible = 0;
			defaultConfigurationName = Release;
		};
		A1D8F0A5247172F9005321C2 /* Build configuration list for PBXNativeTarget "HospitalMap" */ = {
			isa = XCConfigurationList;
			buildConfigurations = (
				A1D8F0A6247172F9005321C2 /* Debug */,
				A1D8F0A7247172F9005321C2 /* Release */,
			);
			defaultConfigurationIsVisible = 0;
			defaultConfigurationName = Release;
		};
/* End XCConfigurationList section */
	};
	rootObject = A1D8F089247172F8005321C2 /* Project object */;
}
