// !$*UTF8*$!
{
	archiveVersion = 1;
	classes = {
	};
	objectVersion = 50;
	objects = {

/* Begin PBXBuildFile section */
		A1DDF8E524442FE800FB351F /* AppDelegate.swift in Sources */ = {isa = PBXBuildFile; fileRef = A1DDF8E424442FE800FB351F /* AppDelegate.swift */; };
		A1DDF8E724442FE800FB351F /* SceneDelegate.swift in Sources */ = {isa = PBXBuildFile; fileRef = A1DDF8E624442FE800FB351F /* SceneDelegate.swift */; };
		A1DDF8E924442FE800FB351F /* ViewController.swift in Sources */ = {isa = PBXBuildFile; fileRef = A1DDF8E824442FE800FB351F /* ViewController.swift */; };
		A1DDF8EC24442FE800FB351F /* Main.storyboard in Resources */ = {isa = PBXBuildFile; fileRef = A1DDF8EA24442FE800FB351F /* Main.storyboard */; };
		A1DDF8EE24442FEA00FB351F /* Assets.xcassets in Resources */ = {isa = PBXBuildFile; fileRef = A1DDF8ED24442FEA00FB351F /* Assets.xcassets */; };
		A1DDF8F124442FEA00FB351F /* LaunchScreen.storyboard in Resources */ = {isa = PBXBuildFile; fileRef = A1DDF8EF24442FEA00FB351F /* LaunchScreen.storyboard */; };
/* End PBXBuildFile section */

/* Begin PBXFileReference section */
		A1DDF8E124442FE800FB351F /* ExchangeCalculator.app */ = {isa = PBXFileReference; explicitFileType = wrapper.application; includeInIndex = 0; path = ExchangeCalculator.app; sourceTree = BUILT_PRODUCTS_DIR; };
		A1DDF8E424442FE800FB351F /* AppDelegate.swift */ = {isa = PBXFileReference; lastKnownFileType = sourcecode.swift; path = AppDelegate.swift; sourceTree = "<group>"; };
		A1DDF8E624442FE800FB351F /* SceneDelegate.swift */ = {isa = PBXFileReference; lastKnownFileType = sourcecode.swift; path = SceneDelegate.swift; sourceTree = "<group>"; };
		A1DDF8E824442FE800FB351F /* ViewController.swift */ = {isa = PBXFileReference; lastKnownFileType = sourcecode.swift; path = ViewController.swift; sourceTree = "<group>"; };
		A1DDF8EB24442FE800FB351F /* Base */ = {isa = PBXFileReference; lastKnownFileType = file.storyboard; name = Base; path = Base.lproj/Main.storyboard; sourceTree = "<group>"; };
		A1DDF8ED24442FEA00FB351F /* Assets.xcassets */ = {isa = PBXFileReference; lastKnownFileType = folder.assetcatalog; path = Assets.xcassets; sourceTree = "<group>"; };
		A1DDF8F024442FEA00FB351F /* Base */ = {isa = PBXFileReference; lastKnownFileType = file.storyboard; name = Base; path = Base.lproj/LaunchScreen.storyboard; sourceTree = "<group>"; };
		A1DDF8F224442FEA00FB351F /* Info.plist */ = {isa = PBXFileReference; lastKnownFileType = text.plist.xml; path = Info.plist; sourceTree = "<group>"; };
/* End PBXFileReference section */

/* Begin PBXFrameworksBuildPhase section */
		A1DDF8DE24442FE800FB351F /* Frameworks */ = {
			isa = PBXFrameworksBuildPhase;
			buildActionMask = 2147483647;
			files = (
			);
			runOnlyForDeploymentPostprocessing = 0;
		};
/* End PBXFrameworksBuildPhase section */

/* Begin PBXGroup section */
		A1DDF8D824442FE800FB351F = {
			isa = PBXGroup;
			children = (
				A1DDF8E324442FE800FB351F /* ExchangeCalculator */,
				A1DDF8E224442FE800FB351F /* Products */,
			);
			sourceTree = "<group>";
		};
		A1DDF8E224442FE800FB351F /* Products */ = {
			isa = PBXGroup;
			children = (
				A1DDF8E124442FE800FB351F /* ExchangeCalculator.app */,
			);
			name = Products;
			sourceTree = "<group>";
		};
		A1DDF8E324442FE800FB351F /* ExchangeCalculator */ = {
			isa = PBXGroup;
			children = (
				A1DDF8E424442FE800FB351F /* AppDelegate.swift */,
				A1DDF8E624442FE800FB351F /* SceneDelegate.swift */,
				A1DDF8E824442FE800FB351F /* ViewController.swift */,
				A1DDF8EA24442FE800FB351F /* Main.storyboard */,
				A1DDF8ED24442FEA00FB351F /* Assets.xcassets */,
				A1DDF8EF24442FEA00FB351F /* LaunchScreen.storyboard */,
				A1DDF8F224442FEA00FB351F /* Info.plist */,
			);
			path = ExchangeCalculator;
			sourceTree = "<group>";
		};
/* End PBXGroup section */

/* Begin PBXNativeTarget section */
		A1DDF8E024442FE800FB351F /* ExchangeCalculator */ = {
			isa = PBXNativeTarget;
			buildConfigurationList = A1DDF8F524442FEA00FB351F /* Build configuration list for PBXNativeTarget "ExchangeCalculator" */;
			buildPhases = (
				A1DDF8DD24442FE800FB351F /* Sources */,
				A1DDF8DE24442FE800FB351F /* Frameworks */,
				A1DDF8DF24442FE800FB351F /* Resources */,
			);
			buildRules = (
			);
			dependencies = (
			);
			name = ExchangeCalculator;
			productName = ExchangeCalculator;
			productReference = A1DDF8E124442FE800FB351F /* ExchangeCalculator.app */;
			productType = "com.apple.product-type.application";
		};
/* End PBXNativeTarget section */

/* Begin PBXProject section */
		A1DDF8D924442FE800FB351F /* Project object */ = {
			isa = PBXProject;
			attributes = {
				LastSwiftUpdateCheck = 1140;
				LastUpgradeCheck = 1140;
				ORGANIZATIONNAME = kpugame;
				TargetAttributes = {
					A1DDF8E024442FE800FB351F = {
						CreatedOnToolsVersion = 11.4;
					};
				};
			};
			buildConfigurationList = A1DDF8DC24442FE800FB351F /* Build configuration list for PBXProject "ExchangeCalculator" */;
			compatibilityVersion = "Xcode 9.3";
			developmentRegion = en;
			hasScannedForEncodings = 0;
			knownRegions = (
				en,
				Base,
			);
			mainGroup = A1DDF8D824442FE800FB351F;
			productRefGroup = A1DDF8E224442FE800FB351F /* Products */;
			projectDirPath = "";
			projectRoot = "";
			targets = (
				A1DDF8E024442FE800FB351F /* ExchangeCalculator */,
			);
		};
/* End PBXProject section */

/* Begin PBXResourcesBuildPhase section */
		A1DDF8DF24442FE800FB351F /* Resources */ = {
			isa = PBXResourcesBuildPhase;
			buildActionMask = 2147483647;
			files = (
				A1DDF8F124442FEA00FB351F /* LaunchScreen.storyboard in Resources */,
				A1DDF8EE24442FEA00FB351F /* Assets.xcassets in Resources */,
				A1DDF8EC24442FE800FB351F /* Main.storyboard in Resources */,
			);
			runOnlyForDeploymentPostprocessing = 0;
		};
/* End PBXResourcesBuildPhase section */

/* Begin PBXSourcesBuildPhase section */
		A1DDF8DD24442FE800FB351F /* Sources */ = {
			isa = PBXSourcesBuildPhase;
			buildActionMask = 2147483647;
			files = (
				A1DDF8E924442FE800FB351F /* ViewController.swift in Sources */,
				A1DDF8E524442FE800FB351F /* AppDelegate.swift in Sources */,
				A1DDF8E724442FE800FB351F /* SceneDelegate.swift in Sources */,
			);
			runOnlyForDeploymentPostprocessing = 0;
		};
/* End PBXSourcesBuildPhase section */

/* Begin PBXVariantGroup section */
		A1DDF8EA24442FE800FB351F /* Main.storyboard */ = {
			isa = PBXVariantGroup;
			children = (
				A1DDF8EB24442FE800FB351F /* Base */,
			);
			name = Main.storyboard;
			sourceTree = "<group>";
		};
		A1DDF8EF24442FEA00FB351F /* LaunchScreen.storyboard */ = {
			isa = PBXVariantGroup;
			children = (
				A1DDF8F024442FEA00FB351F /* Base */,
			);
			name = LaunchScreen.storyboard;
			sourceTree = "<group>";
		};
/* End PBXVariantGroup section */

/* Begin XCBuildConfiguration section */
		A1DDF8F324442FEA00FB351F /* Debug */ = {
			isa = XCBuildConfiguration;
			buildSettings = {
				ALWAYS_SEARCH_USER_PATHS = NO;
				CLANG_ANALYZER_NONNULL = YES;
				CLANG_ANALYZER_NUMBER_OBJECT_CONVERSION = YES_AGGRESSIVE;
				CLANG_CXX_LANGUAGE_STANDARD = "gnu++14";
				CLANG_CXX_LIBRARY = "libc++";
				CLANG_ENABLE_MODULES = YES;
				CLANG_ENABLE_OBJC_ARC = YES;
				CLANG_ENABLE_OBJC_WEAK = YES;
				CLANG_WARN_BLOCK_CAPTURE_AUTORELEASING = YES;
				CLANG_WARN_BOOL_CONVERSION = YES;
				CLANG_WARN_COMMA = YES;
				CLANG_WARN_CONSTANT_CONVERSION = YES;
				CLANG_WARN_DEPRECATED_OBJC_IMPLEMENTATIONS = YES;
				CLANG_WARN_DIRECT_OBJC_ISA_USAGE = YES_ERROR;
				CLANG_WARN_DOCUMENTATION_COMMENTS = YES;
				CLANG_WARN_EMPTY_BODY = YES;
				CLANG_WARN_ENUM_CONVERSION = YES;
				CLANG_WARN_INFINITE_RECURSION = YES;
				CLANG_WARN_INT_CONVERSION = YES;
				CLANG_WARN_NON_LITERAL_NULL_CONVERSION = YES;
				CLANG_WARN_OBJC_IMPLICIT_RETAIN_SELF = YES;
				CLANG_WARN_OBJC_LITERAL_CONVERSION = YES;
				CLANG_WARN_OBJC_ROOT_CLASS = YES_ERROR;
				CLANG_WARN_RANGE_LOOP_ANALYSIS = YES;
				CLANG_WARN_STRICT_PROTOTYPES = YES;
				CLANG_WARN_SUSPICIOUS_MOVE = YES;
				CLANG_WARN_UNGUARDED_AVAILABILITY = YES_AGGRESSIVE;
				CLANG_WARN_UNREACHABLE_CODE = YES;
				CLANG_WARN__DUPLICATE_METHOD_MATCH = YES;
				COPY_PHASE_STRIP = NO;
				DEBUG_INFORMATION_FORMAT = dwarf;
				ENABLE_STRICT_OBJC_MSGSEND = YES;
				ENABLE_TESTABILITY = YES;
				GCC_C_LANGUAGE_STANDARD = gnu11;
				GCC_DYNAMIC_NO_PIC = NO;
				GCC_NO_COMMON_BLOCKS = YES;
				GCC_OPTIMIZATION_LEVEL = 0;
				GCC_PREPROCESSOR_DEFINITIONS = (
					"DEBUG=1",
					"$(inherited)",
				);
				GCC_WARN_64_TO_32_BIT_CONVERSION = YES;
				GCC_WARN_ABOUT_RETURN_TYPE = YES_ERROR;
				GCC_WARN_UNDECLARED_SELECTOR = YES;
				GCC_WARN_UNINITIALIZED_AUTOS = YES_AGGRESSIVE;
				GCC_WARN_UNUSED_FUNCTION = YES;
				GCC_WARN_UNUSED_VARIABLE = YES;
				IPHONEOS_DEPLOYMENT_TARGET = 13.4;
				MTL_ENABLE_DEBUG_INFO = INCLUDE_SOURCE;
				MTL_FAST_MATH = YES;
				ONLY_ACTIVE_ARCH = YES;
				SDKROOT = iphoneos;
				SWIFT_ACTIVE_COMPILATION_CONDITIONS = DEBUG;
				SWIFT_OPTIMIZATION_LEVEL = "-Onone";
			};
			name = Debug;
		};
		A1DDF8F424442FEA00FB351F /* Release */ = {
			isa = XCBuildConfiguration;
			buildSettings = {
				ALWAYS_SEARCH_USER_PATHS = NO;
				CLANG_ANALYZER_NONNULL = YES;
				CLANG_ANALYZER_NUMBER_OBJECT_CONVERSION = YES_AGGRESSIVE;
				CLANG_CXX_LANGUAGE_STANDARD = "gnu++14";
				CLANG_CXX_LIBRARY = "libc++";
				CLANG_ENABLE_MODULES = YES;
				CLANG_ENABLE_OBJC_ARC = YES;
				CLANG_ENABLE_OBJC_WEAK = YES;
				CLANG_WARN_BLOCK_CAPTURE_AUTORELEASING = YES;
				CLANG_WARN_BOOL_CONVERSION = YES;
				CLANG_WARN_COMMA = YES;
				CLANG_WARN_CONSTANT_CONVERSION = YES;
				CLANG_WARN_DEPRECATED_OBJC_IMPLEMENTATIONS = YES;
				CLANG_WARN_DIRECT_OBJC_ISA_USAGE = YES_ERROR;
				CLANG_WARN_DOCUMENTATION_COMMENTS = YES;
				CLANG_WARN_EMPTY_BODY = YES;
				CLANG_WARN_ENUM_CONVERSION = YES;
				CLANG_WARN_INFINITE_RECURSION = YES;
				CLANG_WARN_INT_CONVERSION = YES;
				CLANG_WARN_NON_LITERAL_NULL_CONVERSION = YES;
				CLANG_WARN_OBJC_IMPLICIT_RETAIN_SELF = YES;
				CLANG_WARN_OBJC_LITERAL_CONVERSION = YES;
				CLANG_WARN_OBJC_ROOT_CLASS = YES_ERROR;
				CLANG_WARN_RANGE_LOOP_ANALYSIS = YES;
				CLANG_WARN_STRICT_PROTOTYPES = YES;
				CLANG_WARN_SUSPICIOUS_MOVE = YES;
				CLANG_WARN_UNGUARDED_AVAILABILITY = YES_AGGRESSIVE;
				CLANG_WARN_UNREACHABLE_CODE = YES;
				CLANG_WARN__DUPLICATE_METHOD_MATCH = YES;
				COPY_PHASE_STRIP = NO;
				DEBUG_INFORMATION_FORMAT = "dwarf-with-dsym";
				ENABLE_NS_ASSERTIONS = NO;
				ENABLE_STRICT_OBJC_MSGSEND = YES;
				GCC_C_LANGUAGE_STANDARD = gnu11;
				GCC_NO_COMMON_BLOCKS = YES;
				GCC_WARN_64_TO_32_BIT_CONVERSION = YES;
				GCC_WARN_ABOUT_RETURN_TYPE = YES_ERROR;
				GCC_WARN_UNDECLARED_SELECTOR = YES;
				GCC_WARN_UNINITIALIZED_AUTOS = YES_AGGRESSIVE;
				GCC_WARN_UNUSED_FUNCTION = YES;
				GCC_WARN_UNUSED_VARIABLE = YES;
				IPHONEOS_DEPLOYMENT_TARGET = 13.4;
				MTL_ENABLE_DEBUG_INFO = NO;
				MTL_FAST_MATH = YES;
				SDKROOT = iphoneos;
				SWIFT_COMPILATION_MODE = wholemodule;
				SWIFT_OPTIMIZATION_LEVEL = "-O";
				VALIDATE_PRODUCT = YES;
			};
			name = Release;
		};
		A1DDF8F624442FEA00FB351F /* Debug */ = {
			isa = XCBuildConfiguration;
			buildSettings = {
				ASSETCATALOG_COMPILER_APPICON_NAME = AppIcon;
				CODE_SIGN_STYLE = Automatic;
				DEVELOPMENT_TEAM = 4BPCW7SCYC;
				INFOPLIST_FILE = ExchangeCalculator/Info.plist;
				LD_RUNPATH_SEARCH_PATHS = (
					"$(inherited)",
					"@executable_path/Frameworks",
				);
				PRODUCT_BUNDLE_IDENTIFIER = duckbae.project3.ExchangeCalculator;
				PRODUCT_NAME = "$(TARGET_NAME)";
				SWIFT_VERSION = 5.0;
				TARGETED_DEVICE_FAMILY = "1,2";
			};
			name = Debug;
		};
		A1DDF8F724442FEA00FB351F /* Release */ = {
			isa = XCBuildConfiguration;
			buildSettings = {
				ASSETCATALOG_COMPILER_APPICON_NAME = AppIcon;
				CODE_SIGN_STYLE = Automatic;
				DEVELOPMENT_TEAM = 4BPCW7SCYC;
				INFOPLIST_FILE = ExchangeCalculator/Info.plist;
				LD_RUNPATH_SEARCH_PATHS = (
					"$(inherited)",
					"@executable_path/Frameworks",
				);
				PRODUCT_BUNDLE_IDENTIFIER = duckbae.project3.ExchangeCalculator;
				PRODUCT_NAME = "$(TARGET_NAME)";
				SWIFT_VERSION = 5.0;
				TARGETED_DEVICE_FAMILY = "1,2";
			};
			name = Release;
		};
/* End XCBuildConfiguration section */

/* Begin XCConfigurationList section */
		A1DDF8DC24442FE800FB351F /* Build configuration list for PBXProject "ExchangeCalculator" */ = {
			isa = XCConfigurationList;
			buildConfigurations = (
				A1DDF8F324442FEA00FB351F /* Debug */,
				A1DDF8F424442FEA00FB351F /* Release */,
			);
			defaultConfigurationIsVisible = 0;
			defaultConfigurationName = Release;
		};
		A1DDF8F524442FEA00FB351F /* Build configuration list for PBXNativeTarget "ExchangeCalculator" */ = {
			isa = XCConfigurationList;
			buildConfigurations = (
				A1DDF8F624442FEA00FB351F /* Debug */,
				A1DDF8F724442FEA00FB351F /* Release */,
			);
			defaultConfigurationIsVisible = 0;
			defaultConfigurationName = Release;
		};
/* End XCConfigurationList section */
	};
	rootObject = A1DDF8D924442FE800FB351F /* Project object */;
}
